
Microsoft Visual Studio Solution File, Format Version 12.00
# Visual Studio Version 17
VisualStudioVersion = 17.1.32414.318
MinimumVisualStudioVersion = 10.0.40219.1
Project("{FAE04EC0-301F-11D3-BF4B-00C04F79EFBC}") = "BTLwinform_NTMay", "BTLwinform_NTMay\BTLwinform_NTMay.csproj", "{AFF7C6EF-1FEC-4D4C-B0B8-6E1F1F1163FF}"
EndProject
Global
	GlobalSection(SolutionConfigurationPlatforms) = preSolution
		Debug|Any CPU = Debug|Any CPU
		Release|Any CPU = Release|Any CPU
	EndGlobalSection
	GlobalSection(ProjectConfigurationPlatforms) = postSolution
		{AFF7C6EF-1FEC-4D4C-B0B8-6E1F1F1163FF}.Debug|Any CPU.ActiveCfg = Debug|Any CPU
		{AFF7C6EF-1FEC-4D4C-B0B8-6E1F1F1163FF}.Debug|Any CPU.Build.0 = Debug|Any CPU
		{AFF7C6EF-1FEC-4D4C-B0B8-6E1F1F1163FF}.Release|Any CPU.ActiveCfg = Release|Any CPU
		{AFF7C6EF-1FEC-4D4C-B0B8-6E1F1F1163FF}.Release|Any CPU.Build.0 = Release|Any CPU
	EndGlobalSection
	GlobalSection(SolutionProperties) = preSolution
		HideSolutionNode = FALSE
	EndGlobalSection
	GlobalSection(ExtensibilityGlobals) = postSolution
		SolutionGuid = {18843913-2DC9-434D-9BEF-C9A99A6EFCC6}
	EndGlobalSection
EndGlobal
