
Microsoft Visual Studio Solution File, Format Version 12.00
# Visual Studio Version 17
VisualStudioVersion = 17.1.32414.318
MinimumVisualStudioVersion = 10.0.40219.1
Project("{FAE04EC0-301F-11D3-BF4B-00C04F79EFBC}") = "Bai_5", "Bai_5\Bai_5.csproj", "{1136DB7E-A5D5-4525-AB27-848E15433D9B}"
EndProject
Global
	GlobalSection(SolutionConfigurationPlatforms) = preSolution
		Debug|Any CPU = Debug|Any CPU
		Release|Any CPU = Release|Any CPU
	EndGlobalSection
	GlobalSection(ProjectConfigurationPlatforms) = postSolution
		{1136DB7E-A5D5-4525-AB27-848E15433D9B}.Debug|Any CPU.ActiveCfg = Debug|Any CPU
		{1136DB7E-A5D5-4525-AB27-848E15433D9B}.Debug|Any CPU.Build.0 = Debug|Any CPU
		{1136DB7E-A5D5-4525-AB27-848E15433D9B}.Release|Any CPU.ActiveCfg = Release|Any CPU
		{1136DB7E-A5D5-4525-AB27-848E15433D9B}.Release|Any CPU.Build.0 = Release|Any CPU
	EndGlobalSection
	GlobalSection(SolutionProperties) = preSolution
		HideSolutionNode = FALSE
	EndGlobalSection
	GlobalSection(ExtensibilityGlobals) = postSolution
		SolutionGuid = {8477440E-91AC-4E2F-BC2E-F1541CCC0CAB}
	EndGlobalSection
EndGlobal
