
Microsoft Visual Studio Solution File, Format Version 12.00
# Visual Studio 15
VisualStudioVersion = 15.0.28307.1913
MinimumVisualStudioVersion = 10.0.40219.1
Project("{FAE04EC0-301F-11D3-BF4B-00C04F79EFBC}") = "B1", "B1\B1.csproj", "{87F10DB9-0396-4C68-9388-58BCDE9E15B2}"
EndProject
Project("{FAE04EC0-301F-11D3-BF4B-00C04F79EFBC}") = "B2", "B2\B2.csproj", "{326D6FEC-C3B2-4849-8A6D-D6FD9D05F36D}"
EndProject
Project("{FAE04EC0-301F-11D3-BF4B-00C04F79EFBC}") = "B3", "B3\B3.csproj", "{EF32B3E0-45B1-4A67-9D81-A003196B585D}"
EndProject
Global
	GlobalSection(SolutionConfigurationPlatforms) = preSolution
		Debug|Any CPU = Debug|Any CPU
		Release|Any CPU = Release|Any CPU
	EndGlobalSection
	GlobalSection(ProjectConfigurationPlatforms) = postSolution
		{87F10DB9-0396-4C68-9388-58BCDE9E15B2}.Debug|Any CPU.ActiveCfg = Debug|Any CPU
		{87F10DB9-0396-4C68-9388-58BCDE9E15B2}.Debug|Any CPU.Build.0 = Debug|Any CPU
		{87F10DB9-0396-4C68-9388-58BCDE9E15B2}.Release|Any CPU.ActiveCfg = Release|Any CPU
		{87F10DB9-0396-4C68-9388-58BCDE9E15B2}.Release|Any CPU.Build.0 = Release|Any CPU
		{326D6FEC-C3B2-4849-8A6D-D6FD9D05F36D}.Debug|Any CPU.ActiveCfg = Debug|Any CPU
		{326D6FEC-C3B2-4849-8A6D-D6FD9D05F36D}.Debug|Any CPU.Build.0 = Debug|Any CPU
		{326D6FEC-C3B2-4849-8A6D-D6FD9D05F36D}.Release|Any CPU.ActiveCfg = Release|Any CPU
		{326D6FEC-C3B2-4849-8A6D-D6FD9D05F36D}.Release|Any CPU.Build.0 = Release|Any CPU
		{EF32B3E0-45B1-4A67-9D81-A003196B585D}.Debug|Any CPU.ActiveCfg = Debug|Any CPU
		{EF32B3E0-45B1-4A67-9D81-A003196B585D}.Debug|Any CPU.Build.0 = Debug|Any CPU
		{EF32B3E0-45B1-4A67-9D81-A003196B585D}.Release|Any CPU.ActiveCfg = Release|Any CPU
		{EF32B3E0-45B1-4A67-9D81-A003196B585D}.Release|Any CPU.Build.0 = Release|Any CPU
	EndGlobalSection
	GlobalSection(SolutionProperties) = preSolution
		HideSolutionNode = FALSE
	EndGlobalSection
	GlobalSection(ExtensibilityGlobals) = postSolution
		SolutionGuid = {A00511CB-4C79-4556-846B-70D3BF95AA1A}
	EndGlobalSection
EndGlobal
