
Microsoft Visual Studio Solution File, Format Version 12.00
# Visual Studio Version 17
VisualStudioVersion = 17.1.32414.318
MinimumVisualStudioVersion = 10.0.40219.1
Project("{FAE04EC0-301F-11D3-BF4B-00C04F79EFBC}") = "Bai_8", "Bai_8\Bai_8.csproj", "{59B8338F-2428-464A-A615-5E0AFAE19B3A}"
EndProject
Global
	GlobalSection(SolutionConfigurationPlatforms) = preSolution
		Debug|Any CPU = Debug|Any CPU
		Release|Any CPU = Release|Any CPU
	EndGlobalSection
	GlobalSection(ProjectConfigurationPlatforms) = postSolution
		{59B8338F-2428-464A-A615-5E0AFAE19B3A}.Debug|Any CPU.ActiveCfg = Debug|Any CPU
		{59B8338F-2428-464A-A615-5E0AFAE19B3A}.Debug|Any CPU.Build.0 = Debug|Any CPU
		{59B8338F-2428-464A-A615-5E0AFAE19B3A}.Release|Any CPU.ActiveCfg = Release|Any CPU
		{59B8338F-2428-464A-A615-5E0AFAE19B3A}.Release|Any CPU.Build.0 = Release|Any CPU
	EndGlobalSection
	GlobalSection(SolutionProperties) = preSolution
		HideSolutionNode = FALSE
	EndGlobalSection
	GlobalSection(ExtensibilityGlobals) = postSolution
		SolutionGuid = {59CA77B9-9A4F-4395-A72D-F1B63A52174B}
	EndGlobalSection
EndGlobal
