
Microsoft Visual Studio Solution File, Format Version 12.00
# Visual Studio Version 17
VisualStudioVersion = 17.1.32414.318
MinimumVisualStudioVersion = 10.0.40219.1
Project("{FAE04EC0-301F-11D3-BF4B-00C04F79EFBC}") = "Bai_9", "Bai_9\Bai_9.csproj", "{E532FED2-3109-4904-A7E5-0F5D0DC10E23}"
EndProject
Global
	GlobalSection(SolutionConfigurationPlatforms) = preSolution
		Debug|Any CPU = Debug|Any CPU
		Release|Any CPU = Release|Any CPU
	EndGlobalSection
	GlobalSection(ProjectConfigurationPlatforms) = postSolution
		{E532FED2-3109-4904-A7E5-0F5D0DC10E23}.Debug|Any CPU.ActiveCfg = Debug|Any CPU
		{E532FED2-3109-4904-A7E5-0F5D0DC10E23}.Debug|Any CPU.Build.0 = Debug|Any CPU
		{E532FED2-3109-4904-A7E5-0F5D0DC10E23}.Release|Any CPU.ActiveCfg = Release|Any CPU
		{E532FED2-3109-4904-A7E5-0F5D0DC10E23}.Release|Any CPU.Build.0 = Release|Any CPU
	EndGlobalSection
	GlobalSection(SolutionProperties) = preSolution
		HideSolutionNode = FALSE
	EndGlobalSection
	GlobalSection(ExtensibilityGlobals) = postSolution
		SolutionGuid = {680903CB-AE55-4B51-8146-0E2A66DDC539}
	EndGlobalSection
EndGlobal
