
Microsoft Visual Studio Solution File, Format Version 12.00
# Visual Studio Version 17
VisualStudioVersion = 17.1.32414.318
MinimumVisualStudioVersion = 10.0.40219.1
Project("{FAE04EC0-301F-11D3-BF4B-00C04F79EFBC}") = "Bai_2", "Bai_2\Bai_2.csproj", "{4097F758-1E4B-4524-A51F-F71D6B8214C8}"
EndProject
Global
	GlobalSection(SolutionConfigurationPlatforms) = preSolution
		Debug|Any CPU = Debug|Any CPU
		Release|Any CPU = Release|Any CPU
	EndGlobalSection
	GlobalSection(ProjectConfigurationPlatforms) = postSolution
		{4097F758-1E4B-4524-A51F-F71D6B8214C8}.Debug|Any CPU.ActiveCfg = Debug|Any CPU
		{4097F758-1E4B-4524-A51F-F71D6B8214C8}.Debug|Any CPU.Build.0 = Debug|Any CPU
		{4097F758-1E4B-4524-A51F-F71D6B8214C8}.Release|Any CPU.ActiveCfg = Release|Any CPU
		{4097F758-1E4B-4524-A51F-F71D6B8214C8}.Release|Any CPU.Build.0 = Release|Any CPU
	EndGlobalSection
	GlobalSection(SolutionProperties) = preSolution
		HideSolutionNode = FALSE
	EndGlobalSection
	GlobalSection(ExtensibilityGlobals) = postSolution
		SolutionGuid = {D650E246-A7E4-449C-B993-CF30006A4B46}
	EndGlobalSection
EndGlobal
